// !$*UTF8*$!
{
	archiveVersion = 1;
	classes = {
	};
	objectVersion = 50;
	objects = {

/* Begin PBXBuildFile section */
		B28209E120FD7A9B00848A4D /* AppDelegate.swift in Sources */ = {isa = PBXBuildFile; fileRef = B28209E020FD7A9B00848A4D /* AppDelegate.swift */; };
		B28209E320FD7A9B00848A4D /* ActionItemViewController.swift in Sources */ = {isa = PBXBuildFile; fileRef = B28209E220FD7A9B00848A4D /* ActionItemViewController.swift */; };
		B28209E620FD7A9B00848A4D /* Main.storyboard in Resources */ = {isa = PBXBuildFile; fileRef = B28209E420FD7A9B00848A4D /* Main.storyboard */; };
		B28209E820FD7A9E00848A4D /* Assets.xcassets in Resources */ = {isa = PBXBuildFile; fileRef = B28209E720FD7A9E00848A4D /* Assets.xcassets */; };
		B28209EB20FD7A9E00848A4D /* LaunchScreen.storyboard in Resources */ = {isa = PBXBuildFile; fileRef = B28209E920FD7A9E00848A4D /* LaunchScreen.storyboard */; };
		B28209F32106CDDF00848A4D /* Item.swift in Sources */ = {isa = PBXBuildFile; fileRef = B28209F22106CDDE00848A4D /* Item.swift */; };
/* End PBXBuildFile section */

/* Begin PBXFileReference section */
		B28209DD20FD7A9B00848A4D /* Action Items.app */ = {isa = PBXFileReference; explicitFileType = wrapper.application; includeInIndex = 0; path = "Action Items.app"; sourceTree = BUILT_PRODUCTS_DIR; };
		B28209E020FD7A9B00848A4D /* AppDelegate.swift */ = {isa = PBXFileReference; lastKnownFileType = sourcecode.swift; path = AppDelegate.swift; sourceTree = "<group>"; };
		B28209E220FD7A9B00848A4D /* ActionItemViewController.swift */ = {isa = PBXFileReference; lastKnownFileType = sourcecode.swift; path = ActionItemViewController.swift; sourceTree = "<group>"; };
		B28209E520FD7A9B00848A4D /* Base */ = {isa = PBXFileReference; lastKnownFileType = file.storyboard; name = Base; path = Base.lproj/Main.storyboard; sourceTree = "<group>"; };
		B28209E720FD7A9E00848A4D /* Assets.xcassets */ = {isa = PBXFileReference; lastKnownFileType = folder.assetcatalog; path = Assets.xcassets; sourceTree = "<group>"; };
		B28209EA20FD7A9E00848A4D /* Base */ = {isa = PBXFileReference; lastKnownFileType = file.storyboard; name = Base; path = Base.lproj/LaunchScreen.storyboard; sourceTree = "<group>"; };
		B28209EC20FD7A9E00848A4D /* Info.plist */ = {isa = PBXFileReference; lastKnownFileType = text.plist.xml; path = Info.plist; sourceTree = "<group>"; };
		B28209F22106CDDE00848A4D /* Item.swift */ = {isa = PBXFileReference; lastKnownFileType = sourcecode.swift; path = Item.swift; sourceTree = "<group>"; };
/* End PBXFileReference section */

/* Begin PBXFrameworksBuildPhase section */
		B28209DA20FD7A9B00848A4D /* Frameworks */ = {
			isa = PBXFrameworksBuildPhase;
			buildActionMask = 2147483647;
			files = (
			);
			runOnlyForDeploymentPostprocessing = 0;
		};
/* End PBXFrameworksBuildPhase section */

/* Begin PBXGroup section */
		B28209D420FD7A9B00848A4D = {
			isa = PBXGroup;
			children = (
				B28209F7210AB95900848A4D /* View */,
				B28209F6210AB93500848A4D /* Controllers */,
				B28209F5210AB90C00848A4D /* Data Model */,
				B28209F8210AB9D600848A4D /* Supporting Files */,
				B28209DF20FD7A9B00848A4D /* Action Items */,
				B28209DE20FD7A9B00848A4D /* Products */,
			);
			sourceTree = "<group>";
		};
		B28209DE20FD7A9B00848A4D /* Products */ = {
			isa = PBXGroup;
			children = (
				B28209DD20FD7A9B00848A4D /* Action Items.app */,
			);
			name = Products;
			sourceTree = "<group>";
		};
		B28209DF20FD7A9B00848A4D /* Action Items */ = {
			isa = PBXGroup;
			children = (
				B28209E020FD7A9B00848A4D /* AppDelegate.swift */,
				B28209EC20FD7A9E00848A4D /* Info.plist */,
			);
			path = "Action Items";
			sourceTree = "<group>";
		};
		B28209F5210AB90C00848A4D /* Data Model */ = {
			isa = PBXGroup;
			children = (
				B28209F22106CDDE00848A4D /* Item.swift */,
			);
			path = "Data Model";
			sourceTree = "<group>";
		};
		B28209F6210AB93500848A4D /* Controllers */ = {
			isa = PBXGroup;
			children = (
				B28209E220FD7A9B00848A4D /* ActionItemViewController.swift */,
			);
			path = Controllers;
			sourceTree = "<group>";
		};
		B28209F7210AB95900848A4D /* View */ = {
			isa = PBXGroup;
			children = (
				B28209E420FD7A9B00848A4D /* Main.storyboard */,
			);
			path = View;
			sourceTree = "<group>";
		};
		B28209F8210AB9D600848A4D /* Supporting Files */ = {
			isa = PBXGroup;
			children = (
				B28209E720FD7A9E00848A4D /* Assets.xcassets */,
				B28209E920FD7A9E00848A4D /* LaunchScreen.storyboard */,
			);
			path = "Supporting Files";
			sourceTree = "<group>";
		};
/* End PBXGroup section */

/* Begin PBXNativeTarget section */
		B28209DC20FD7A9B00848A4D /* Action Items */ = {
			isa = PBXNativeTarget;
			buildConfigurationList = B28209EF20FD7A9E00848A4D /* Build configuration list for PBXNativeTarget "Action Items" */;
			buildPhases = (
				B28209D920FD7A9B00848A4D /* Sources */,
				B28209DA20FD7A9B00848A4D /* Frameworks */,
				B28209DB20FD7A9B00848A4D /* Resources */,
			);
			buildRules = (
			);
			dependencies = (
			);
			name = "Action Items";
			productName = "Action Items";
			productReference = B28209DD20FD7A9B00848A4D /* Action Items.app */;
			productType = "com.apple.product-type.application";
		};
/* End PBXNativeTarget section */

/* Begin PBXProject section */
		B28209D520FD7A9B00848A4D /* Project object */ = {
			isa = PBXProject;
			attributes = {
				LastSwiftUpdateCheck = 0940;
				LastUpgradeCheck = 0940;
				ORGANIZATIONNAME = "Winners Win";
				TargetAttributes = {
					B28209DC20FD7A9B00848A4D = {
						CreatedOnToolsVersion = 9.4.1;
					};
				};
			};
			buildConfigurationList = B28209D820FD7A9B00848A4D /* Build configuration list for PBXProject "Action Items" */;
			compatibilityVersion = "Xcode 9.3";
			developmentRegion = en;
			hasScannedForEncodings = 0;
			knownRegions = (
				en,
				Base,
			);
			mainGroup = B28209D420FD7A9B00848A4D;
			productRefGroup = B28209DE20FD7A9B00848A4D /* Products */;
			projectDirPath = "";
			projectRoot = "";
			targets = (
				B28209DC20FD7A9B00848A4D /* Action Items */,
			);
		};
/* End PBXProject section */

/* Begin PBXResourcesBuildPhase section */
		B28209DB20FD7A9B00848A4D /* Resources */ = {
			isa = PBXResourcesBuildPhase;
			buildActionMask = 2147483647;
			files = (
				B28209EB20FD7A9E00848A4D /* LaunchScreen.storyboard in Resources */,
				B28209E820FD7A9E00848A4D /* Assets.xcassets in Resources */,
				B28209E620FD7A9B00848A4D /* Main.storyboard in Resources */,
			);
			runOnlyForDeploymentPostprocessing = 0;
		};
/* End PBXResourcesBuildPhase section */

/* Begin PBXSourcesBuildPhase section */
		B28209D920FD7A9B00848A4D /* Sources */ = {
			isa = PBXSourcesBuildPhase;
			buildActionMask = 2147483647;
			files = (
				B28209E320FD7A9B00848A4D /* ActionItemViewController.swift in Sources */,
				B28209F32106CDDF00848A4D /* Item.swift in Sources */,
				B28209E120FD7A9B00848A4D /* AppDelegate.swift in Sources */,
			);
			runOnlyForDeploymentPostprocessing = 0;
		};
/* End PBXSourcesBuildPhase section */

/* Begin PBXVariantGroup section */
		B28209E420FD7A9B00848A4D /* Main.storyboard */ = {
			isa = PBXVariantGroup;
			children = (
				B28209E520FD7A9B00848A4D /* Base */,
			);
			name = Main.storyboard;
			sourceTree = "<group>";
		};
		B28209E920FD7A9E00848A4D /* LaunchScreen.storyboard */ = {
			isa = PBXVariantGroup;
			children = (
				B28209EA20FD7A9E00848A4D /* Base */,
			);
			name = LaunchScreen.storyboard;
			sourceTree = "<group>";
		};
/* End PBXVariantGroup section */

/* Begin XCBuildConfiguration section */
		B28209ED20FD7A9E00848A4D /* Debug */ = {
			isa = XCBuildConfiguration;
			buildSettings = {
				ALWAYS_SEARCH_USER_PATHS = NO;
				CLANG_ANALYZER_NONNULL = YES;
				CLANG_ANALYZER_NUMBER_OBJECT_CONVERSION = YES_AGGRESSIVE;
				CLANG_CXX_LANGUAGE_STANDARD = "gnu++14";
				CLANG_CXX_LIBRARY = "libc++";
				CLANG_ENABLE_MODULES = YES;
				CLANG_ENABLE_OBJC_ARC = YES;
				CLANG_ENABLE_OBJC_WEAK = YES;
				CLANG_WARN_BLOCK_CAPTURE_AUTORELEASING = YES;
				CLANG_WARN_BOOL_CONVERSION = YES;
				CLANG_WARN_COMMA = YES;
				CLANG_WARN_CONSTANT_CONVERSION = YES;
				CLANG_WARN_DEPRECATED_OBJC_IMPLEMENTATIONS = YES;
				CLANG_WARN_DIRECT_OBJC_ISA_USAGE = YES_ERROR;
				CLANG_WARN_DOCUMENTATION_COMMENTS = YES;
				CLANG_WARN_EMPTY_BODY = YES;
				CLANG_WARN_ENUM_CONVERSION = YES;
				CLANG_WARN_INFINITE_RECURSION = YES;
				CLANG_WARN_INT_CONVERSION = YES;
				CLANG_WARN_NON_LITERAL_NULL_CONVERSION = YES;
				CLANG_WARN_OBJC_IMPLICIT_RETAIN_SELF = YES;
				CLANG_WARN_OBJC_LITERAL_CONVERSION = YES;
				CLANG_WARN_OBJC_ROOT_CLASS = YES_ERROR;
				CLANG_WARN_RANGE_LOOP_ANALYSIS = YES;
				CLANG_WARN_STRICT_PROTOTYPES = YES;
				CLANG_WARN_SUSPICIOUS_MOVE = YES;
				CLANG_WARN_UNGUARDED_AVAILABILITY = YES_AGGRESSIVE;
				CLANG_WARN_UNREACHABLE_CODE = YES;
				CLANG_WARN__DUPLICATE_METHOD_MATCH = YES;
				CODE_SIGN_IDENTITY = "iPhone Developer";
				COPY_PHASE_STRIP = NO;
				DEBUG_INFORMATION_FORMAT = dwarf;
				ENABLE_STRICT_OBJC_MSGSEND = YES;
				ENABLE_TESTABILITY = YES;
				GCC_C_LANGUAGE_STANDARD = gnu11;
				GCC_DYNAMIC_NO_PIC = NO;
				GCC_NO_COMMON_BLOCKS = YES;
				GCC_OPTIMIZATION_LEVEL = 0;
				GCC_PREPROCESSOR_DEFINITIONS = (
					"DEBUG=1",
					"$(inherited)",
				);
				GCC_WARN_64_TO_32_BIT_CONVERSION = YES;
				GCC_WARN_ABOUT_RETURN_TYPE = YES_ERROR;
				GCC_WARN_UNDECLARED_SELECTOR = YES;
				GCC_WARN_UNINITIALIZED_AUTOS = YES_AGGRESSIVE;
				GCC_WARN_UNUSED_FUNCTION = YES;
				GCC_WARN_UNUSED_VARIABLE = YES;
				IPHONEOS_DEPLOYMENT_TARGET = 11.4;
				MTL_ENABLE_DEBUG_INFO = YES;
				ONLY_ACTIVE_ARCH = YES;
				SDKROOT = iphoneos;
				SWIFT_ACTIVE_COMPILATION_CONDITIONS = DEBUG;
				SWIFT_OPTIMIZATION_LEVEL = "-Onone";
			};
			name = Debug;
		};
		B28209EE20FD7A9E00848A4D /* Release */ = {
			isa = XCBuildConfiguration;
			buildSettings = {
				ALWAYS_SEARCH_USER_PATHS = NO;
				CLANG_ANALYZER_NONNULL = YES;
				CLANG_ANALYZER_NUMBER_OBJECT_CONVERSION = YES_AGGRESSIVE;
				CLANG_CXX_LANGUAGE_STANDARD = "gnu++14";
				CLANG_CXX_LIBRARY = "libc++";
				CLANG_ENABLE_MODULES = YES;
				CLANG_ENABLE_OBJC_ARC = YES;
				CLANG_ENABLE_OBJC_WEAK = YES;
				CLANG_WARN_BLOCK_CAPTURE_AUTORELEASING = YES;
				CLANG_WARN_BOOL_CONVERSION = YES;
				CLANG_WARN_COMMA = YES;
				CLANG_WARN_CONSTANT_CONVERSION = YES;
				CLANG_WARN_DEPRECATED_OBJC_IMPLEMENTATIONS = YES;
				CLANG_WARN_DIRECT_OBJC_ISA_USAGE = YES_ERROR;
				CLANG_WARN_DOCUMENTATION_COMMENTS = YES;
				CLANG_WARN_EMPTY_BODY = YES;
				CLANG_WARN_ENUM_CONVERSION = YES;
				CLANG_WARN_INFINITE_RECURSION = YES;
				CLANG_WARN_INT_CONVERSION = YES;
				CLANG_WARN_NON_LITERAL_NULL_CONVERSION = YES;
				CLANG_WARN_OBJC_IMPLICIT_RETAIN_SELF = YES;
				CLANG_WARN_OBJC_LITERAL_CONVERSION = YES;
				CLANG_WARN_OBJC_ROOT_CLASS = YES_ERROR;
				CLANG_WARN_RANGE_LOOP_ANALYSIS = YES;
				CLANG_WARN_STRICT_PROTOTYPES = YES;
				CLANG_WARN_SUSPICIOUS_MOVE = YES;
				CLANG_WARN_UNGUARDED_AVAILABILITY = YES_AGGRESSIVE;
				CLANG_WARN_UNREACHABLE_CODE = YES;
				CLANG_WARN__DUPLICATE_METHOD_MATCH = YES;
				CODE_SIGN_IDENTITY = "iPhone Developer";
				COPY_PHASE_STRIP = NO;
				DEBUG_INFORMATION_FORMAT = "dwarf-with-dsym";
				ENABLE_NS_ASSERTIONS = NO;
				ENABLE_STRICT_OBJC_MSGSEND = YES;
				GCC_C_LANGUAGE_STANDARD = gnu11;
				GCC_NO_COMMON_BLOCKS = YES;
				GCC_WARN_64_TO_32_BIT_CONVERSION = YES;
				GCC_WARN_ABOUT_RETURN_TYPE = YES_ERROR;
				GCC_WARN_UNDECLARED_SELECTOR = YES;
				GCC_WARN_UNINITIALIZED_AUTOS = YES_AGGRESSIVE;
				GCC_WARN_UNUSED_FUNCTION = YES;
				GCC_WARN_UNUSED_VARIABLE = YES;
				IPHONEOS_DEPLOYMENT_TARGET = 11.4;
				MTL_ENABLE_DEBUG_INFO = NO;
				SDKROOT = iphoneos;
				SWIFT_COMPILATION_MODE = wholemodule;
				SWIFT_OPTIMIZATION_LEVEL = "-O";
				VALIDATE_PRODUCT = YES;
			};
			name = Release;
		};
		B28209F020FD7A9E00848A4D /* Debug */ = {
			isa = XCBuildConfiguration;
			buildSettings = {
				ASSETCATALOG_COMPILER_APPICON_NAME = AppIcon;
				CODE_SIGN_STYLE = Automatic;
				DEVELOPMENT_TEAM = P97X4QBDAL;
				INFOPLIST_FILE = "Action Items/Info.plist";
				LD_RUNPATH_SEARCH_PATHS = (
					"$(inherited)",
					"@executable_path/Frameworks",
				);
				PRODUCT_BUNDLE_IDENTIFIER = "com.winners-win.Action-Items";
				PRODUCT_NAME = "$(TARGET_NAME)";
				SWIFT_VERSION = 4.0;
				TARGETED_DEVICE_FAMILY = "1,2";
			};
			name = Debug;
		};
		B28209F120FD7A9E00848A4D /* Release */ = {
			isa = XCBuildConfiguration;
			buildSettings = {
				ASSETCATALOG_COMPILER_APPICON_NAME = AppIcon;
				CODE_SIGN_STYLE = Automatic;
				DEVELOPMENT_TEAM = P97X4QBDAL;
				INFOPLIST_FILE = "Action Items/Info.plist";
				LD_RUNPATH_SEARCH_PATHS = (
					"$(inherited)",
					"@executable_path/Frameworks",
				);
				PRODUCT_BUNDLE_IDENTIFIER = "com.winners-win.Action-Items";
				PRODUCT_NAME = "$(TARGET_NAME)";
				SWIFT_VERSION = 4.0;
				TARGETED_DEVICE_FAMILY = "1,2";
			};
			name = Release;
		};
/* End XCBuildConfiguration section */

/* Begin XCConfigurationList section */
		B28209D820FD7A9B00848A4D /* Build configuration list for PBXProject "Action Items" */ = {
			isa = XCConfigurationList;
			buildConfigurations = (
				B28209ED20FD7A9E00848A4D /* Debug */,
				B28209EE20FD7A9E00848A4D /* Release */,
			);
			defaultConfigurationIsVisible = 0;
			defaultConfigurationName = Release;
		};
		B28209EF20FD7A9E00848A4D /* Build configuration list for PBXNativeTarget "Action Items" */ = {
			isa = XCConfigurationList;
			buildConfigurations = (
				B28209F020FD7A9E00848A4D /* Debug */,
				B28209F120FD7A9E00848A4D /* Release */,
			);
			defaultConfigurationIsVisible = 0;
			defaultConfigurationName = Release;
		};
/* End XCConfigurationList section */
	};
	rootObject = B28209D520FD7A9B00848A4D /* Project object */;
}
